PODS:
  - Alamofire (5.4.1)
  - HandyJSON (5.0.2)
  - JCore (2.4.0)
  - JPush (3.4.0):
    - JCore (< 3.0.0, >= 2.0.0)
  - Moya (14.0.0):
    - Moya/Core (= 14.0.0)
  - Moya/Core (14.0.0):
    - Alamofire (~> 5.0)
  - SVProgressHUD (2.2.5)
  - SwiftyJSON (5.0.0)

DEPENDENCIES:
  - HandyJSON (~> 5.0.2)
  - JPush
  - Moya (~> 14.0)
  - SVProgressHUD
  - SwiftyJSON (~> 5.0.0)

SPEC REPOS:
  https://mirrors.tuna.tsinghua.edu.cn/git/CocoaPods/Specs.git:
    - Alamofire
    - HandyJSON
    - JCore
    - JPush
    - Moya
    - SVProgressHUD
    - SwiftyJSON

SPEC CHECKSUMS:
  Alamofire: 2291f7d21ca607c491dd17642e5d40fdcda0e65c
  HandyJSON: 9e4e236f5d2dbefad5155a77417bbea438201c03
  JCore: a29e4b0ee54e1301446dc02d8e1c350404108b34
  JPush: defaa108c38806f6efdcfaf4c416854d25fca8e5
  Moya: 5b45dacb75adb009f97fde91c204c1e565d31916
  SVProgressHUD: 1428aafac632c1f86f62aa4243ec12008d7a51d6
  SwiftyJSON: 36413e04c44ee145039d332b4f4e2d3e8d6c4db7

PODFILE CHECKSUM: d13e06b7fb7825cb24221b8fe71a6b2d6279e665

COCOAPODS: 1.10.1
